// !$*UTF8*$!
{
	archiveVersion = 1;
	classes = {
	};
	objectVersion = 50;
	objects = {

/* Begin PBXBuildFile section */
		CC91014726E66C200067DA66 /* AppDelegate.swift in Sources */ = {isa = PBXBuildFile; fileRef = CC91014626E66C200067DA66 /* AppDelegate.swift */; };
		CC91014926E66C200067DA66 /* SceneDelegate.swift in Sources */ = {isa = PBXBuildFile; fileRef = CC91014826E66C200067DA66 /* SceneDelegate.swift */; };
		CC91014E26E66C200067DA66 /* Main.storyboard in Resources */ = {isa = PBXBuildFile; fileRef = CC91014C26E66C200067DA66 /* Main.storyboard */; };
		CC91015026E66C220067DA66 /* Assets.xcassets in Resources */ = {isa = PBXBuildFile; fileRef = CC91014F26E66C220067DA66 /* Assets.xcassets */; };
		CC91015326E66C220067DA66 /* LaunchScreen.storyboard in Resources */ = {isa = PBXBuildFile; fileRef = CC91015126E66C220067DA66 /* LaunchScreen.storyboard */; };
		CC91019726E7C0380067DA66 /* DeletingObsoleteFiles.swift in Sources */ = {isa = PBXBuildFile; fileRef = CC91019626E7C0380067DA66 /* DeletingObsoleteFiles.swift */; };
		CC91019B26E7F4860067DA66 /* FileManagementFramework.framework in Frameworks */ = {isa = PBXBuildFile; fileRef = CC91019826E7C7390067DA66 /* FileManagementFramework.framework */; };
		CC91019C26E7F4860067DA66 /* FileManagementFramework.framework in Embed Frameworks */ = {isa = PBXBuildFile; fileRef = CC91019826E7C7390067DA66 /* FileManagementFramework.framework */; settings = {ATTRIBUTES = (CodeSignOnCopy, RemoveHeadersOnCopy, ); }; };
/* End PBXBuildFile section */

/* Begin PBXCopyFilesBuildPhase section */
		CC91019D26E7F4860067DA66 /* Embed Frameworks */ = {
			isa = PBXCopyFilesBuildPhase;
			buildActionMask = 2147483647;
			dstPath = "";
			dstSubfolderSpec = 10;
			files = (
				CC91019C26E7F4860067DA66 /* FileManagementFramework.framework in Embed Frameworks */,
			);
			name = "Embed Frameworks";
			runOnlyForDeploymentPostprocessing = 0;
		};
/* End PBXCopyFilesBuildPhase section */

/* Begin PBXFileReference section */
		CC91014326E66C200067DA66 /* DeletingFiles.app */ = {isa = PBXFileReference; explicitFileType = wrapper.application; includeInIndex = 0; path = DeletingFiles.app; sourceTree = BUILT_PRODUCTS_DIR; };
		CC91014626E66C200067DA66 /* AppDelegate.swift */ = {isa = PBXFileReference; lastKnownFileType = sourcecode.swift; path = AppDelegate.swift; sourceTree = "<group>"; };
		CC91014826E66C200067DA66 /* SceneDelegate.swift */ = {isa = PBXFileReference; lastKnownFileType = sourcecode.swift; path = SceneDelegate.swift; sourceTree = "<group>"; };
		CC91014D26E66C200067DA66 /* Base */ = {isa = PBXFileReference; lastKnownFileType = file.storyboard; name = Base; path = Base.lproj/Main.storyboard; sourceTree = "<group>"; };
		CC91014F26E66C220067DA66 /* Assets.xcassets */ = {isa = PBXFileReference; lastKnownFileType = folder.assetcatalog; path = Assets.xcassets; sourceTree = "<group>"; };
		CC91015226E66C220067DA66 /* Base */ = {isa = PBXFileReference; lastKnownFileType = file.storyboard; name = Base; path = Base.lproj/LaunchScreen.storyboard; sourceTree = "<group>"; };
		CC91015426E66C220067DA66 /* Info.plist */ = {isa = PBXFileReference; lastKnownFileType = text.plist.xml; path = Info.plist; sourceTree = "<group>"; };
		CC91019626E7C0380067DA66 /* DeletingObsoleteFiles.swift */ = {isa = PBXFileReference; lastKnownFileType = sourcecode.swift; path = DeletingObsoleteFiles.swift; sourceTree = "<group>"; };
		CC91019826E7C7390067DA66 /* FileManagementFramework.framework */ = {isa = PBXFileReference; lastKnownFileType = wrapper.framework; name = FileManagementFramework.framework; path = Framework/FileManagementFramework.framework; sourceTree = "<group>"; };
/* End PBXFileReference section */

/* Begin PBXFrameworksBuildPhase section */
		CC91014026E66C200067DA66 /* Frameworks */ = {
			isa = PBXFrameworksBuildPhase;
			buildActionMask = 2147483647;
			files = (
				CC91019B26E7F4860067DA66 /* FileManagementFramework.framework in Frameworks */,
			);
			runOnlyForDeploymentPostprocessing = 0;
		};
/* End PBXFrameworksBuildPhase section */

/* Begin PBXGroup section */
		CC91013A26E66C200067DA66 = {
			isa = PBXGroup;
			children = (
				CC91014526E66C200067DA66 /* DeletingFiles */,
				CC91014426E66C200067DA66 /* Products */,
				CC91019126E7C01F0067DA66 /* Frameworks */,
			);
			sourceTree = "<group>";
		};
		CC91014426E66C200067DA66 /* Products */ = {
			isa = PBXGroup;
			children = (
				CC91014326E66C200067DA66 /* DeletingFiles.app */,
			);
			name = Products;
			sourceTree = "<group>";
		};
		CC91014526E66C200067DA66 /* DeletingFiles */ = {
			isa = PBXGroup;
			children = (
				CC91014626E66C200067DA66 /* AppDelegate.swift */,
				CC91014826E66C200067DA66 /* SceneDelegate.swift */,
				CC91019626E7C0380067DA66 /* DeletingObsoleteFiles.swift */,
				CC91014C26E66C200067DA66 /* Main.storyboard */,
				CC91014F26E66C220067DA66 /* Assets.xcassets */,
				CC91015126E66C220067DA66 /* LaunchScreen.storyboard */,
				CC91015426E66C220067DA66 /* Info.plist */,
			);
			path = DeletingFiles;
			sourceTree = "<group>";
		};
		CC91019126E7C01F0067DA66 /* Frameworks */ = {
			isa = PBXGroup;
			children = (
				CC91019826E7C7390067DA66 /* FileManagementFramework.framework */,
			);
			name = Frameworks;
			sourceTree = "<group>";
		};
/* End PBXGroup section */

/* Begin PBXNativeTarget section */
		CC91014226E66C200067DA66 /* DeletingFiles */ = {
			isa = PBXNativeTarget;
			buildConfigurationList = CC91015726E66C220067DA66 /* Build configuration list for PBXNativeTarget "DeletingFiles" */;
			buildPhases = (
				CC91013F26E66C200067DA66 /* Sources */,
				CC91014026E66C200067DA66 /* Frameworks */,
				CC91014126E66C200067DA66 /* Resources */,
				CC91019D26E7F4860067DA66 /* Embed Frameworks */,
			);
			buildRules = (
			);
			dependencies = (
			);
			name = DeletingFiles;
			productName = DeletingFiles;
			productReference = CC91014326E66C200067DA66 /* DeletingFiles.app */;
			productType = "com.apple.product-type.application";
		};
/* End PBXNativeTarget section */

/* Begin PBXProject section */
		CC91013B26E66C200067DA66 /* Project object */ = {
			isa = PBXProject;
			attributes = {
				LastSwiftUpdateCheck = 1250;
				LastUpgradeCheck = 1250;
				TargetAttributes = {
					CC91014226E66C200067DA66 = {
						CreatedOnToolsVersion = 12.5.1;
					};
				};
			};
			buildConfigurationList = CC91013E26E66C200067DA66 /* Build configuration list for PBXProject "DeletingFiles" */;
			compatibilityVersion = "Xcode 9.3";
			developmentRegion = en;
			hasScannedForEncodings = 0;
			knownRegions = (
				en,
				Base,
			);
			mainGroup = CC91013A26E66C200067DA66;
			productRefGroup = CC91014426E66C200067DA66 /* Products */;
			projectDirPath = "";
			projectRoot = "";
			targets = (
				CC91014226E66C200067DA66 /* DeletingFiles */,
			);
		};
/* End PBXProject section */

/* Begin PBXResourcesBuildPhase section */
		CC91014126E66C200067DA66 /* Resources */ = {
			isa = PBXResourcesBuildPhase;
			buildActionMask = 2147483647;
			files = (
				CC91015326E66C220067DA66 /* LaunchScreen.storyboard in Resources */,
				CC91015026E66C220067DA66 /* Assets.xcassets in Resources */,
				CC91014E26E66C200067DA66 /* Main.storyboard in Resources */,
			);
			runOnlyForDeploymentPostprocessing = 0;
		};
/* End PBXResourcesBuildPhase section */

/* Begin PBXSourcesBuildPhase section */
		CC91013F26E66C200067DA66 /* Sources */ = {
			isa = PBXSourcesBuildPhase;
			buildActionMask = 2147483647;
			files = (
				CC91019726E7C0380067DA66 /* DeletingObsoleteFiles.swift in Sources */,
				CC91014726E66C200067DA66 /* AppDelegate.swift in Sources */,
				CC91014926E66C200067DA66 /* SceneDelegate.swift in Sources */,
			);
			runOnlyForDeploymentPostprocessing = 0;
		};
/* End PBXSourcesBuildPhase section */

/* Begin PBXVariantGroup section */
		CC91014C26E66C200067DA66 /* Main.storyboard */ = {
			isa = PBXVariantGroup;
			children = (
				CC91014D26E66C200067DA66 /* Base */,
			);
			name = Main.storyboard;
			sourceTree = "<group>";
		};
		CC91015126E66C220067DA66 /* LaunchScreen.storyboard */ = {
			isa = PBXVariantGroup;
			children = (
				CC91015226E66C220067DA66 /* Base */,
			);
			name = LaunchScreen.storyboard;
			sourceTree = "<group>";
		};
/* End PBXVariantGroup section */

/* Begin XCBuildConfiguration section */
		CC91015526E66C220067DA66 /* Debug */ = {
			isa = XCBuildConfiguration;
			buildSettings = {
				ALWAYS_SEARCH_USER_PATHS = NO;
				CLANG_ANALYZER_NONNULL = YES;
				CLANG_ANALYZER_NUMBER_OBJECT_CONVERSION = YES_AGGRESSIVE;
				CLANG_CXX_LANGUAGE_STANDARD = "gnu++14";
				CLANG_CXX_LIBRARY = "libc++";
				CLANG_ENABLE_MODULES = YES;
				CLANG_ENABLE_OBJC_ARC = YES;
				CLANG_ENABLE_OBJC_WEAK = YES;
				CLANG_WARN_BLOCK_CAPTURE_AUTORELEASING = YES;
				CLANG_WARN_BOOL_CONVERSION = YES;
				CLANG_WARN_COMMA = YES;
				CLANG_WARN_CONSTANT_CONVERSION = YES;
				CLANG_WARN_DEPRECATED_OBJC_IMPLEMENTATIONS = YES;
				CLANG_WARN_DIRECT_OBJC_ISA_USAGE = YES_ERROR;
				CLANG_WARN_DOCUMENTATION_COMMENTS = YES;
				CLANG_WARN_EMPTY_BODY = YES;
				CLANG_WARN_ENUM_CONVERSION = YES;
				CLANG_WARN_INFINITE_RECURSION = YES;
				CLANG_WARN_INT_CONVERSION = YES;
				CLANG_WARN_NON_LITERAL_NULL_CONVERSION = YES;
				CLANG_WARN_OBJC_IMPLICIT_RETAIN_SELF = YES;
				CLANG_WARN_OBJC_LITERAL_CONVERSION = YES;
				CLANG_WARN_OBJC_ROOT_CLASS = YES_ERROR;
				CLANG_WARN_QUOTED_INCLUDE_IN_FRAMEWORK_HEADER = YES;
				CLANG_WARN_RANGE_LOOP_ANALYSIS = YES;
				CLANG_WARN_STRICT_PROTOTYPES = YES;
				CLANG_WARN_SUSPICIOUS_MOVE = YES;
				CLANG_WARN_UNGUARDED_AVAILABILITY = YES_AGGRESSIVE;
				CLANG_WARN_UNREACHABLE_CODE = YES;
				CLANG_WARN__DUPLICATE_METHOD_MATCH = YES;
				COPY_PHASE_STRIP = NO;
				DEBUG_INFORMATION_FORMAT = dwarf;
				ENABLE_STRICT_OBJC_MSGSEND = YES;
				ENABLE_TESTABILITY = YES;
				GCC_C_LANGUAGE_STANDARD = gnu11;
				GCC_DYNAMIC_NO_PIC = NO;
				GCC_NO_COMMON_BLOCKS = YES;
				GCC_OPTIMIZATION_LEVEL = 0;
				GCC_PREPROCESSOR_DEFINITIONS = (
					"DEBUG=1",
					"$(inherited)",
				);
				GCC_WARN_64_TO_32_BIT_CONVERSION = YES;
				GCC_WARN_ABOUT_RETURN_TYPE = YES_ERROR;
				GCC_WARN_UNDECLARED_SELECTOR = YES;
				GCC_WARN_UNINITIALIZED_AUTOS = YES_AGGRESSIVE;
				GCC_WARN_UNUSED_FUNCTION = YES;
				GCC_WARN_UNUSED_VARIABLE = YES;
				IPHONEOS_DEPLOYMENT_TARGET = 14.5;
				MTL_ENABLE_DEBUG_INFO = INCLUDE_SOURCE;
				MTL_FAST_MATH = YES;
				ONLY_ACTIVE_ARCH = YES;
				SDKROOT = iphoneos;
				SWIFT_ACTIVE_COMPILATION_CONDITIONS = DEBUG;
				SWIFT_OPTIMIZATION_LEVEL = "-Onone";
			};
			name = Debug;
		};
		CC91015626E66C220067DA66 /* Release */ = {
			isa = XCBuildConfiguration;
			buildSettings = {
				ALWAYS_SEARCH_USER_PATHS = NO;
				CLANG_ANALYZER_NONNULL = YES;
				CLANG_ANALYZER_NUMBER_OBJECT_CONVERSION = YES_AGGRESSIVE;
				CLANG_CXX_LANGUAGE_STANDARD = "gnu++14";
				CLANG_CXX_LIBRARY = "libc++";
				CLANG_ENABLE_MODULES = YES;
				CLANG_ENABLE_OBJC_ARC = YES;
				CLANG_ENABLE_OBJC_WEAK = YES;
				CLANG_WARN_BLOCK_CAPTURE_AUTORELEASING = YES;
				CLANG_WARN_BOOL_CONVERSION = YES;
				CLANG_WARN_COMMA = YES;
				CLANG_WARN_CONSTANT_CONVERSION = YES;
				CLANG_WARN_DEPRECATED_OBJC_IMPLEMENTATIONS = YES;
				CLANG_WARN_DIRECT_OBJC_ISA_USAGE = YES_ERROR;
				CLANG_WARN_DOCUMENTATION_COMMENTS = YES;
				CLANG_WARN_EMPTY_BODY = YES;
				CLANG_WARN_ENUM_CONVERSION = YES;
				CLANG_WARN_INFINITE_RECURSION = YES;
				CLANG_WARN_INT_CONVERSION = YES;
				CLANG_WARN_NON_LITERAL_NULL_CONVERSION = YES;
				CLANG_WARN_OBJC_IMPLICIT_RETAIN_SELF = YES;
				CLANG_WARN_OBJC_LITERAL_CONVERSION = YES;
				CLANG_WARN_OBJC_ROOT_CLASS = YES_ERROR;
				CLANG_WARN_QUOTED_INCLUDE_IN_FRAMEWORK_HEADER = YES;
				CLANG_WARN_RANGE_LOOP_ANALYSIS = YES;
				CLANG_WARN_STRICT_PROTOTYPES = YES;
				CLANG_WARN_SUSPICIOUS_MOVE = YES;
				CLANG_WARN_UNGUARDED_AVAILABILITY = YES_AGGRESSIVE;
				CLANG_WARN_UNREACHABLE_CODE = YES;
				CLANG_WARN__DUPLICATE_METHOD_MATCH = YES;
				COPY_PHASE_STRIP = NO;
				DEBUG_INFORMATION_FORMAT = "dwarf-with-dsym";
				ENABLE_NS_ASSERTIONS = NO;
				ENABLE_STRICT_OBJC_MSGSEND = YES;
				GCC_C_LANGUAGE_STANDARD = gnu11;
				GCC_NO_COMMON_BLOCKS = YES;
				GCC_WARN_64_TO_32_BIT_CONVERSION = YES;
				GCC_WARN_ABOUT_RETURN_TYPE = YES_ERROR;
				GCC_WARN_UNDECLARED_SELECTOR = YES;
				GCC_WARN_UNINITIALIZED_AUTOS = YES_AGGRESSIVE;
				GCC_WARN_UNUSED_FUNCTION = YES;
				GCC_WARN_UNUSED_VARIABLE = YES;
				IPHONEOS_DEPLOYMENT_TARGET = 14.5;
				MTL_ENABLE_DEBUG_INFO = NO;
				MTL_FAST_MATH = YES;
				SDKROOT = iphoneos;
				SWIFT_COMPILATION_MODE = wholemodule;
				SWIFT_OPTIMIZATION_LEVEL = "-O";
				VALIDATE_PRODUCT = YES;
			};
			name = Release;
		};
		CC91015826E66C220067DA66 /* Debug */ = {
			isa = XCBuildConfiguration;
			buildSettings = {
				ASSETCATALOG_COMPILER_APPICON_NAME = AppIcon;
				ASSETCATALOG_COMPILER_GLOBAL_ACCENT_COLOR_NAME = AccentColor;
				CODE_SIGN_STYLE = Automatic;
				FRAMEWORK_SEARCH_PATHS = (
					"$(inherited)",
					"$(PROJECT_DIR)/Framework",
				);
				INFOPLIST_FILE = DeletingFiles/Info.plist;
				LD_RUNPATH_SEARCH_PATHS = (
					"$(inherited)",
					"@executable_path/Frameworks",
				);
				PRODUCT_BUNDLE_IDENTIFIER = mykytakiriushyn.DeletingFiles;
				PRODUCT_NAME = "$(TARGET_NAME)";
				SWIFT_VERSION = 5.0;
				TARGETED_DEVICE_FAMILY = "1,2";
			};
			name = Debug;
		};
		CC91015926E66C220067DA66 /* Release */ = {
			isa = XCBuildConfiguration;
			buildSettings = {
				ASSETCATALOG_COMPILER_APPICON_NAME = AppIcon;
				ASSETCATALOG_COMPILER_GLOBAL_ACCENT_COLOR_NAME = AccentColor;
				CODE_SIGN_STYLE = Automatic;
				FRAMEWORK_SEARCH_PATHS = (
					"$(inherited)",
					"$(PROJECT_DIR)/Framework",
				);
				INFOPLIST_FILE = DeletingFiles/Info.plist;
				LD_RUNPATH_SEARCH_PATHS = (
					"$(inherited)",
					"@executable_path/Frameworks",
				);
				PRODUCT_BUNDLE_IDENTIFIER = mykytakiriushyn.DeletingFiles;
				PRODUCT_NAME = "$(TARGET_NAME)";
				SWIFT_VERSION = 5.0;
				TARGETED_DEVICE_FAMILY = "1,2";
			};
			name = Release;
		};
/* End XCBuildConfiguration section */

/* Begin XCConfigurationList section */
		CC91013E26E66C200067DA66 /* Build configuration list for PBXProject "DeletingFiles" */ = {
			isa = XCConfigurationList;
			buildConfigurations = (
				CC91015526E66C220067DA66 /* Debug */,
				CC91015626E66C220067DA66 /* Release */,
			);
			defaultConfigurationIsVisible = 0;
			defaultConfigurationName = Release;
		};
		CC91015726E66C220067DA66 /* Build configuration list for PBXNativeTarget "DeletingFiles" */ = {
			isa = XCConfigurationList;
			buildConfigurations = (
				CC91015826E66C220067DA66 /* Debug */,
				CC91015926E66C220067DA66 /* Release */,
			);
			defaultConfigurationIsVisible = 0;
			defaultConfigurationName = Release;
		};
/* End XCConfigurationList section */
	};
	rootObject = CC91013B26E66C200067DA66 /* Project object */;
}
